
Microsoft Visual Studio Solution File, Format Version 12.00
# Visual Studio Version 16
VisualStudioVersion = 16.0.29403.142
MinimumVisualStudioVersion = 10.0.40219.1
Project("{FAE04EC0-301F-11D3-BF4B-00C04F79EFBC}") = "TypeAnalyzer", "TypeAnalyzer\TypeAnalyzer.csproj", "{3E7F1F80-879A-44C2-B526-00D2DE706B0F}"
EndProject
Project("{FAE04EC0-301F-11D3-BF4B-00C04F79EFBC}") = "TypeAnalyzer.Model", "TypeAnalyzer.Model\TypeAnalyzer.Model.csproj", "{51ACE30D-DAA5-47C1-AB91-DFF918C37FB4}"
EndProject
Project("{FAE04EC0-301F-11D3-BF4B-00C04F79EFBC}") = "TypeAnalyzer.Examples", "TypeAnalyzer.Examples\TypeAnalyzer.Examples.csproj", "{DD4C5024-ABDD-4994-B05B-EC9DC357FBA9}"
EndProject
Project("{FAE04EC0-301F-11D3-BF4B-00C04F79EFBC}") = "TypeAnalyzer.UnitTests", "TypeAnalyzer.UnitTests\TypeAnalyzer.UnitTests.csproj", "{B111666F-044B-458F-B65E-6788F24E2BAB}"
EndProject
Project("{2150E333-8FDC-42A3-9474-1A3956D46DE8}") = "Solution Items", "Solution Items", "{6F0C3B44-601F-4B33-889F-60B0F854A0F6}"
	ProjectSection(SolutionItems) = preProject
		transform.xslt = transform.xslt
	EndProjectSection
EndProject
Global
	GlobalSection(SolutionConfigurationPlatforms) = preSolution
		Debug|Any CPU = Debug|Any CPU
		Release|Any CPU = Release|Any CPU
	EndGlobalSection
	GlobalSection(ProjectConfigurationPlatforms) = postSolution
		{3E7F1F80-879A-44C2-B526-00D2DE706B0F}.Debug|Any CPU.ActiveCfg = Debug|Any CPU
		{3E7F1F80-879A-44C2-B526-00D2DE706B0F}.Debug|Any CPU.Build.0 = Debug|Any CPU
		{3E7F1F80-879A-44C2-B526-00D2DE706B0F}.Release|Any CPU.ActiveCfg = Release|Any CPU
		{3E7F1F80-879A-44C2-B526-00D2DE706B0F}.Release|Any CPU.Build.0 = Release|Any CPU
		{51ACE30D-DAA5-47C1-AB91-DFF918C37FB4}.Debug|Any CPU.ActiveCfg = Debug|Any CPU
		{51ACE30D-DAA5-47C1-AB91-DFF918C37FB4}.Debug|Any CPU.Build.0 = Debug|Any CPU
		{51ACE30D-DAA5-47C1-AB91-DFF918C37FB4}.Release|Any CPU.ActiveCfg = Release|Any CPU
		{51ACE30D-DAA5-47C1-AB91-DFF918C37FB4}.Release|Any CPU.Build.0 = Release|Any CPU
		{DD4C5024-ABDD-4994-B05B-EC9DC357FBA9}.Debug|Any CPU.ActiveCfg = Debug|Any CPU
		{DD4C5024-ABDD-4994-B05B-EC9DC357FBA9}.Debug|Any CPU.Build.0 = Debug|Any CPU
		{DD4C5024-ABDD-4994-B05B-EC9DC357FBA9}.Release|Any CPU.ActiveCfg = Release|Any CPU
		{DD4C5024-ABDD-4994-B05B-EC9DC357FBA9}.Release|Any CPU.Build.0 = Release|Any CPU
		{B111666F-044B-458F-B65E-6788F24E2BAB}.Debug|Any CPU.ActiveCfg = Debug|Any CPU
		{B111666F-044B-458F-B65E-6788F24E2BAB}.Debug|Any CPU.Build.0 = Debug|Any CPU
		{B111666F-044B-458F-B65E-6788F24E2BAB}.Release|Any CPU.ActiveCfg = Release|Any CPU
		{B111666F-044B-458F-B65E-6788F24E2BAB}.Release|Any CPU.Build.0 = Release|Any CPU
	EndGlobalSection
	GlobalSection(SolutionProperties) = preSolution
		HideSolutionNode = FALSE
	EndGlobalSection
	GlobalSection(ExtensibilityGlobals) = postSolution
		SolutionGuid = {E9001DE9-48EA-40F2-8BCC-5BEB3CDADAA1}
	EndGlobalSection
EndGlobal
